
Microsoft Visual Studio Solution File, Format Version 12.00
# Visual Studio Version 17
VisualStudioVersion = 17.0.31903.59
MinimumVisualStudioVersion = 10.0.40219.1
Project("{FAE04EC0-301F-11D3-BF4B-00C04F79EFBC}") = "Fina.Api", "Fina.Api\Fina.Api.csproj", "{8D7507F9-0F96-46B4-B838-5094BAB54A56}"
EndProject
Project("{FAE04EC0-301F-11D3-BF4B-00C04F79EFBC}") = "Fina.Core", "Fina.Core\Fina.Core.csproj", "{60C14D27-5FD5-42A2-9F40-000E30460838}"
EndProject
Project("{FAE04EC0-301F-11D3-BF4B-00C04F79EFBC}") = "Fina.Web", "Fina.Web\Fina.Web.csproj", "{6D14AAC9-8CC9-4C13-974C-E678C05D2A74}"
EndProject
Global
	GlobalSection(SolutionConfigurationPlatforms) = preSolution
		Debug|Any CPU = Debug|Any CPU
		Release|Any CPU = Release|Any CPU
	EndGlobalSection
	GlobalSection(SolutionProperties) = preSolution
		HideSolutionNode = FALSE
	EndGlobalSection
	GlobalSection(ProjectConfigurationPlatforms) = postSolution
		{8D7507F9-0F96-46B4-B838-5094BAB54A56}.Debug|Any CPU.ActiveCfg = Debug|Any CPU
		{8D7507F9-0F96-46B4-B838-5094BAB54A56}.Debug|Any CPU.Build.0 = Debug|Any CPU
		{8D7507F9-0F96-46B4-B838-5094BAB54A56}.Release|Any CPU.ActiveCfg = Release|Any CPU
		{8D7507F9-0F96-46B4-B838-5094BAB54A56}.Release|Any CPU.Build.0 = Release|Any CPU
		{60C14D27-5FD5-42A2-9F40-000E30460838}.Debug|Any CPU.ActiveCfg = Debug|Any CPU
		{60C14D27-5FD5-42A2-9F40-000E30460838}.Debug|Any CPU.Build.0 = Debug|Any CPU
		{60C14D27-5FD5-42A2-9F40-000E30460838}.Release|Any CPU.ActiveCfg = Release|Any CPU
		{60C14D27-5FD5-42A2-9F40-000E30460838}.Release|Any CPU.Build.0 = Release|Any CPU
		{6D14AAC9-8CC9-4C13-974C-E678C05D2A74}.Debug|Any CPU.ActiveCfg = Debug|Any CPU
		{6D14AAC9-8CC9-4C13-974C-E678C05D2A74}.Debug|Any CPU.Build.0 = Debug|Any CPU
		{6D14AAC9-8CC9-4C13-974C-E678C05D2A74}.Release|Any CPU.ActiveCfg = Release|Any CPU
		{6D14AAC9-8CC9-4C13-974C-E678C05D2A74}.Release|Any CPU.Build.0 = Release|Any CPU
	EndGlobalSection
EndGlobal
